
Microsoft Visual Studio Solution File, Format Version 12.00
# Visual Studio 15
VisualStudioVersion = 15.0.26730.10
MinimumVisualStudioVersion = 10.0.40219.1
Project("{803FD0C6-D64E-4E16-9DC3-1DAEC859A3D2}") = "HelloMinGW-w64Cmake", "HelloMinGW-w64Cmake.vgdbcmake", "{4B0C11B1-BBB5-499E-83FF-5D363C1B8EDB}"
EndProject
Global
	GlobalSection(SolutionConfigurationPlatforms) = preSolution
		Debug|VisualGDB = Debug|VisualGDB
		MinSizeRel|VisualGDB = MinSizeRel|VisualGDB
		Release|VisualGDB = Release|VisualGDB
		RelWithDebInfo|VisualGDB = RelWithDebInfo|VisualGDB
	EndGlobalSection
	GlobalSection(ProjectConfigurationPlatforms) = postSolution
		{4B0C11B1-BBB5-499E-83FF-5D363C1B8EDB}.Debug|VisualGDB.ActiveCfg = Debug|VisualGDB
		{4B0C11B1-BBB5-499E-83FF-5D363C1B8EDB}.Debug|VisualGDB.Build.0 = Debug|VisualGDB
		{4B0C11B1-BBB5-499E-83FF-5D363C1B8EDB}.MinSizeRel|VisualGDB.ActiveCfg = MinSizeRel|VisualGDB
		{4B0C11B1-BBB5-499E-83FF-5D363C1B8EDB}.MinSizeRel|VisualGDB.Build.0 = MinSizeRel|VisualGDB
		{4B0C11B1-BBB5-499E-83FF-5D363C1B8EDB}.Release|VisualGDB.ActiveCfg = Release|VisualGDB
		{4B0C11B1-BBB5-499E-83FF-5D363C1B8EDB}.Release|VisualGDB.Build.0 = Release|VisualGDB
		{4B0C11B1-BBB5-499E-83FF-5D363C1B8EDB}.RelWithDebInfo|VisualGDB.ActiveCfg = RelWithDebInfo|VisualGDB
		{4B0C11B1-BBB5-499E-83FF-5D363C1B8EDB}.RelWithDebInfo|VisualGDB.Build.0 = RelWithDebInfo|VisualGDB
	EndGlobalSection
	GlobalSection(SolutionProperties) = preSolution
		HideSolutionNode = FALSE
	EndGlobalSection
	GlobalSection(ExtensibilityGlobals) = postSolution
		SolutionGuid = {69AF0738-E20B-441B-9BF9-BA5D4BC16FE6}
	EndGlobalSection
EndGlobal
